github.com/codemodify/systemkit-logging v1.9.3 h1:ZcKRdKSnQErYriY7WTMreuEyw7aoMO+9m/QRm3aM11E=
github.com/codemodify/systemkit-logging v1.9.3/go.mod h1:aTT5ZIgAiVURSNMcmXFPfnTfq+af5T+xrpf0Q5sNmNU=
github.com/codemodify/systemkit-service-spec v1.9.3 h1:2q71TKXZSWyTS0sQVVmtIdyHRCguHZycLuBlq5YumNw=
github.com/codemodify/systemkit-service-spec v1.9.3/go.mod h1:/NEgzAipEOtSOEkj3IKZXjGSXJKBz97VWC3DZWjslaI=
github.com/groob/plist v0.0.0-20200425180238-0f631f258c01 h1:0T3XGXebqLj7zSVLng9wX9axQzTEnvj/h6eT7iLfUas=
github.com/groob/plist v0.0.0-20200425180238-0f631f258c01/go.mod h1:itkABA+w2cw7x5nYUS/pLRef6ludkZKOigbROmCTaFw=
